
Microsoft Visual Studio Solution File, Format Version 12.00
# Visual Studio Version 16
VisualStudioVersion = 16.0.31613.86
MinimumVisualStudioVersion = 10.0.40219.1
Project("{FAE04EC0-301F-11D3-BF4B-00C04F79EFBC}") = "LoginScreen.Android", "LoginScreen\LoginScreen.Android\LoginScreen.Android.csproj", "{06CE3CB5-EFDD-4A96-B319-EE0EBBC5807E}"
EndProject
Project("{FAE04EC0-301F-11D3-BF4B-00C04F79EFBC}") = "LoginScreen", "LoginScreen\LoginScreen\LoginScreen.csproj", "{18B101DF-4EBE-4AF7-8948-5C93C4F54B58}"
EndProject
Global
	GlobalSection(SolutionConfigurationPlatforms) = preSolution
		Debug|Any CPU = Debug|Any CPU
		Release|Any CPU = Release|Any CPU
	EndGlobalSection
	GlobalSection(ProjectConfigurationPlatforms) = postSolution
		{06CE3CB5-EFDD-4A96-B319-EE0EBBC5807E}.Debug|Any CPU.ActiveCfg = Debug|Any CPU
		{06CE3CB5-EFDD-4A96-B319-EE0EBBC5807E}.Debug|Any CPU.Build.0 = Debug|Any CPU
		{06CE3CB5-EFDD-4A96-B319-EE0EBBC5807E}.Debug|Any CPU.Deploy.0 = Debug|Any CPU
		{06CE3CB5-EFDD-4A96-B319-EE0EBBC5807E}.Release|Any CPU.ActiveCfg = Release|Any CPU
		{06CE3CB5-EFDD-4A96-B319-EE0EBBC5807E}.Release|Any CPU.Build.0 = Release|Any CPU
		{06CE3CB5-EFDD-4A96-B319-EE0EBBC5807E}.Release|Any CPU.Deploy.0 = Release|Any CPU
		{18B101DF-4EBE-4AF7-8948-5C93C4F54B58}.Debug|Any CPU.ActiveCfg = Debug|Any CPU
		{18B101DF-4EBE-4AF7-8948-5C93C4F54B58}.Debug|Any CPU.Build.0 = Debug|Any CPU
		{18B101DF-4EBE-4AF7-8948-5C93C4F54B58}.Debug|Any CPU.Deploy.0 = Debug|Any CPU
		{18B101DF-4EBE-4AF7-8948-5C93C4F54B58}.Release|Any CPU.ActiveCfg = Release|Any CPU
		{18B101DF-4EBE-4AF7-8948-5C93C4F54B58}.Release|Any CPU.Build.0 = Release|Any CPU
		{18B101DF-4EBE-4AF7-8948-5C93C4F54B58}.Release|Any CPU.Deploy.0 = Release|Any CPU
	EndGlobalSection
	GlobalSection(SolutionProperties) = preSolution
		HideSolutionNode = FALSE
	EndGlobalSection
	GlobalSection(ExtensibilityGlobals) = postSolution
		SolutionGuid = {CF9D3EFB-A616-4FB0-865C-38D9C8F96501}
	EndGlobalSection
EndGlobal
